
Microsoft Visual Studio Solution File, Format Version 12.00
# Visual Studio Version 16
VisualStudioVersion = 16.0.29123.88
MinimumVisualStudioVersion = 10.0.40219.1
Project("{FAE04EC0-301F-11D3-BF4B-00C04F79EFBC}") = "APILinx", "APILinx\APILinx.csproj", "{ECF206C0-4F2F-4580-928D-946B56DF99FF}"
EndProject
Global
	GlobalSection(SolutionConfigurationPlatforms) = preSolution
		Debug|Any CPU = Debug|Any CPU
		Release|Any CPU = Release|Any CPU
	EndGlobalSection
	GlobalSection(ProjectConfigurationPlatforms) = postSolution
		{ECF206C0-4F2F-4580-928D-946B56DF99FF}.Debug|Any CPU.ActiveCfg = Debug|Any CPU
		{ECF206C0-4F2F-4580-928D-946B56DF99FF}.Debug|Any CPU.Build.0 = Debug|Any CPU
		{ECF206C0-4F2F-4580-928D-946B56DF99FF}.Release|Any CPU.ActiveCfg = Release|Any CPU
		{ECF206C0-4F2F-4580-928D-946B56DF99FF}.Release|Any CPU.Build.0 = Release|Any CPU
	EndGlobalSection
	GlobalSection(SolutionProperties) = preSolution
		HideSolutionNode = FALSE
	EndGlobalSection
	GlobalSection(ExtensibilityGlobals) = postSolution
		SolutionGuid = {4784B96A-7D7D-4721-A859-70F3FFECADA6}
	EndGlobalSection
EndGlobal
